Microsoft Visual Studio Solution File, Format Version 11.00
# Visual Studio 2010
Project("{8BC9CEB8-8B4A-11D0-8D11-00A0C91BC942}") = "awkawk", "awkawk\awkawk.vcxproj", "{B5F41F4A-1FBD-4818-A5B0-1FB4BF185773}"
EndProject
Project("{8BC9CEB8-8B4A-11D0-8D11-00A0C91BC942}") = "awkawk.net", "awkawk.net\awkawk.net.vcxproj", "{2F45A5F7-BAC5-4C84-A6D0-68A17B95290B}"
EndProject
Project("{8BC9CEB8-8B4A-11D0-8D11-00A0C91BC942}") = "dotnettest", "dotnettest\dotnettest.vcxproj", "{D95C905C-4187-411D-9E93-DAAB308C0EBD}"
EndProject
Project("{FAE04EC0-301F-11D3-BF4B-00C04F79EFBC}") = "wpftest", "wpftest\wpftest.csproj", "{29D2BEEB-6DF1-42AB-858A-C4F6D15CE31E}"
EndProject
Project("{FAE04EC0-301F-11D3-BF4B-00C04F79EFBC}") = "minimalwpf", "minimalwpf\minimalwpf.csproj", "{B4BCDAA1-84BF-44E6-A4D6-0330C7D89B01}"
EndProject
Project("{FAE04EC0-301F-11D3-BF4B-00C04F79EFBC}") = "RoundedRectangle", "RoundedRectangle\RoundedRectangle.csproj", "{EC03B990-E00B-4ABB-BD10-E21C3F8DA2F5}"
EndProject
Project("{8BC9CEB8-8B4A-11D0-8D11-00A0C91BC942}") = "libdispatch", "awkawk\deps\libdispatch\libdispatch.vcxproj", "{CBF40332-6E32-11E0-B7C7-61F84824019B}"
EndProject
Project("{8BC9CEB8-8B4A-11D0-8D11-00A0C91BC942}") = "libdispatch++", "awkawk\deps\libdispatch++\libdispatch++.vcxproj", "{E58DC5B2-6E32-11E0-9453-68F84824019B}"
EndProject
Global
	GlobalSection(TeamFoundationVersionControl) = preSolution
		SccNumberOfProjects = 4
		SccEnterpriseProvider = {4CA58AB2-18FA-4F8D-95D4-32DDF27D184C}
		SccTeamFoundationServer = https://tfs.codeplex.com/tfs/tfs01
		SccLocalPath0 = .
		SccProjectUniqueName1 = awkawk\\awkawk.vcxproj
		SccProjectName1 = awkawk
		SccLocalPath1 = awkawk
		SccProjectUniqueName2 = awkawk\\deps\\libdispatch++\\libdispatch++.vcxproj
		SccProjectName2 = awkawk/deps/libdispatch++
		SccLocalPath2 = awkawk\\deps\\libdispatch++
		SccProjectUniqueName3 = awkawk\\deps\\libdispatch\\libdispatch.vcxproj
		SccProjectName3 = awkawk/deps/libdispatch
		SccLocalPath3 = awkawk\\deps\\libdispatch
	EndGlobalSection
	GlobalSection(SolutionConfigurationPlatforms) = preSolution
		DLLDebug|Any CPU = DLLDebug|Any CPU
		DLLDebug|Mixed Platforms = DLLDebug|Mixed Platforms
		DLLDebug|Win32 = DLLDebug|Win32
		DLLDebug|x64 = DLLDebug|x64
		DLLRelease|Any CPU = DLLRelease|Any CPU
		DLLRelease|Mixed Platforms = DLLRelease|Mixed Platforms
		DLLRelease|Win32 = DLLRelease|Win32
		DLLRelease|x64 = DLLRelease|x64
		StaticDebug|Any CPU = StaticDebug|Any CPU
		StaticDebug|Mixed Platforms = StaticDebug|Mixed Platforms
		StaticDebug|Win32 = StaticDebug|Win32
		StaticDebug|x64 = StaticDebug|x64
		StaticRelease|Any CPU = StaticRelease|Any CPU
		StaticRelease|Mixed Platforms = StaticRelease|Mixed Platforms
		StaticRelease|Win32 = StaticRelease|Win32
		StaticRelease|x64 = StaticRelease|x64
	EndGlobalSection
	GlobalSection(ProjectConfigurationPlatforms) = postSolution
		{B5F41F4A-1FBD-4818-A5B0-1FB4BF185773}.DLLDebug|Any CPU.ActiveCfg = DLLDebug|x64
		{B5F41F4A-1FBD-4818-A5B0-1FB4BF185773}.DLLDebug|Mixed Platforms.ActiveCfg = DLLDebug|x64
		{B5F41F4A-1FBD-4818-A5B0-1FB4BF185773}.DLLDebug|Mixed Platforms.Build.0 = DLLDebug|x64
		{B5F41F4A-1FBD-4818-A5B0-1FB4BF185773}.DLLDebug|Win32.ActiveCfg = DLLDebug|Win32
		{B5F41F4A-1FBD-4818-A5B0-1FB4BF185773}.DLLDebug|Win32.Build.0 = DLLDebug|Win32
		{B5F41F4A-1FBD-4818-A5B0-1FB4BF185773}.DLLDebug|x64.ActiveCfg = DLLDebug|x64
		{B5F41F4A-1FBD-4818-A5B0-1FB4BF185773}.DLLDebug|x64.Build.0 = DLLDebug|x64
		{B5F41F4A-1FBD-4818-A5B0-1FB4BF185773}.DLLRelease|Any CPU.ActiveCfg = DLLRelease|x64
		{B5F41F4A-1FBD-4818-A5B0-1FB4BF185773}.DLLRelease|Mixed Platforms.ActiveCfg = DLLRelease|x64
		{B5F41F4A-1FBD-4818-A5B0-1FB4BF185773}.DLLRelease|Mixed Platforms.Build.0 = DLLRelease|x64
		{B5F41F4A-1FBD-4818-A5B0-1FB4BF185773}.DLLRelease|Win32.ActiveCfg = DLLRelease|Win32
		{B5F41F4A-1FBD-4818-A5B0-1FB4BF185773}.DLLRelease|Win32.Build.0 = DLLRelease|Win32
		{B5F41F4A-1FBD-4818-A5B0-1FB4BF185773}.DLLRelease|x64.ActiveCfg = DLLRelease|x64
		{B5F41F4A-1FBD-4818-A5B0-1FB4BF185773}.DLLRelease|x64.Build.0 = DLLRelease|x64
		{B5F41F4A-1FBD-4818-A5B0-1FB4BF185773}.StaticDebug|Any CPU.ActiveCfg = DLLRelease|x64
		{B5F41F4A-1FBD-4818-A5B0-1FB4BF185773}.StaticDebug|Mixed Platforms.ActiveCfg = DLLRelease|x64
		{B5F41F4A-1FBD-4818-A5B0-1FB4BF185773}.StaticDebug|Mixed Platforms.Build.0 = DLLRelease|x64
		{B5F41F4A-1FBD-4818-A5B0-1FB4BF185773}.StaticDebug|Win32.ActiveCfg = StaticDebug|Win32
		{B5F41F4A-1FBD-4818-A5B0-1FB4BF185773}.StaticDebug|Win32.Build.0 = StaticDebug|Win32
		{B5F41F4A-1FBD-4818-A5B0-1FB4BF185773}.StaticDebug|x64.ActiveCfg = StaticDebug|x64
		{B5F41F4A-1FBD-4818-A5B0-1FB4BF185773}.StaticDebug|x64.Build.0 = StaticDebug|x64
		{B5F41F4A-1FBD-4818-A5B0-1FB4BF185773}.StaticRelease|Any CPU.ActiveCfg = DLLRelease|x64
		{B5F41F4A-1FBD-4818-A5B0-1FB4BF185773}.StaticRelease|Mixed Platforms.ActiveCfg = DLLRelease|x64
		{B5F41F4A-1FBD-4818-A5B0-1FB4BF185773}.StaticRelease|Mixed Platforms.Build.0 = DLLRelease|x64
		{B5F41F4A-1FBD-4818-A5B0-1FB4BF185773}.StaticRelease|Win32.ActiveCfg = StaticRelease|Win32
		{B5F41F4A-1FBD-4818-A5B0-1FB4BF185773}.StaticRelease|Win32.Build.0 = StaticRelease|Win32
		{B5F41F4A-1FBD-4818-A5B0-1FB4BF185773}.StaticRelease|x64.ActiveCfg = StaticRelease|x64
		{B5F41F4A-1FBD-4818-A5B0-1FB4BF185773}.StaticRelease|x64.Build.0 = StaticRelease|x64
		{2F45A5F7-BAC5-4C84-A6D0-68A17B95290B}.DLLDebug|Any CPU.ActiveCfg = Debug|x64
		{2F45A5F7-BAC5-4C84-A6D0-68A17B95290B}.DLLDebug|Mixed Platforms.ActiveCfg = Debug|x64
		{2F45A5F7-BAC5-4C84-A6D0-68A17B95290B}.DLLDebug|Mixed Platforms.Build.0 = Debug|x64
		{2F45A5F7-BAC5-4C84-A6D0-68A17B95290B}.DLLDebug|Win32.ActiveCfg = Debug|Win32
		{2F45A5F7-BAC5-4C84-A6D0-68A17B95290B}.DLLDebug|x64.ActiveCfg = Debug|x64
		{2F45A5F7-BAC5-4C84-A6D0-68A17B95290B}.DLLRelease|Any CPU.ActiveCfg = Release|x64
		{2F45A5F7-BAC5-4C84-A6D0-68A17B95290B}.DLLRelease|Mixed Platforms.ActiveCfg = Release|x64
		{2F45A5F7-BAC5-4C84-A6D0-68A17B95290B}.DLLRelease|Mixed Platforms.Build.0 = Release|x64
		{2F45A5F7-BAC5-4C84-A6D0-68A17B95290B}.DLLRelease|Win32.ActiveCfg = Release|Win32
		{2F45A5F7-BAC5-4C84-A6D0-68A17B95290B}.DLLRelease|x64.ActiveCfg = Release|x64
		{2F45A5F7-BAC5-4C84-A6D0-68A17B95290B}.StaticDebug|Any CPU.ActiveCfg = Debug|x64
		{2F45A5F7-BAC5-4C84-A6D0-68A17B95290B}.StaticDebug|Mixed Platforms.ActiveCfg = Debug|x64
		{2F45A5F7-BAC5-4C84-A6D0-68A17B95290B}.StaticDebug|Mixed Platforms.Build.0 = Debug|x64
		{2F45A5F7-BAC5-4C84-A6D0-68A17B95290B}.StaticDebug|Win32.ActiveCfg = Debug|Win32
		{2F45A5F7-BAC5-4C84-A6D0-68A17B95290B}.StaticDebug|Win32.Build.0 = Debug|Win32
		{2F45A5F7-BAC5-4C84-A6D0-68A17B95290B}.StaticDebug|x64.ActiveCfg = Debug|x64
		{2F45A5F7-BAC5-4C84-A6D0-68A17B95290B}.StaticDebug|x64.Build.0 = Debug|x64
		{2F45A5F7-BAC5-4C84-A6D0-68A17B95290B}.StaticRelease|Any CPU.ActiveCfg = Release|x64
		{2F45A5F7-BAC5-4C84-A6D0-68A17B95290B}.StaticRelease|Mixed Platforms.ActiveCfg = Release|x64
		{2F45A5F7-BAC5-4C84-A6D0-68A17B95290B}.StaticRelease|Mixed Platforms.Build.0 = Release|x64
		{2F45A5F7-BAC5-4C84-A6D0-68A17B95290B}.StaticRelease|Win32.ActiveCfg = Release|Win32
		{2F45A5F7-BAC5-4C84-A6D0-68A17B95290B}.StaticRelease|Win32.Build.0 = Release|Win32
		{2F45A5F7-BAC5-4C84-A6D0-68A17B95290B}.StaticRelease|x64.ActiveCfg = Release|x64
		{2F45A5F7-BAC5-4C84-A6D0-68A17B95290B}.StaticRelease|x64.Build.0 = Release|x64
		{D95C905C-4187-411D-9E93-DAAB308C0EBD}.DLLDebug|Any CPU.ActiveCfg = Debug|Win32
		{D95C905C-4187-411D-9E93-DAAB308C0EBD}.DLLDebug|Mixed Platforms.ActiveCfg = Debug|Win32
		{D95C905C-4187-411D-9E93-DAAB308C0EBD}.DLLDebug|Mixed Platforms.Build.0 = Debug|Win32
		{D95C905C-4187-411D-9E93-DAAB308C0EBD}.DLLDebug|Win32.ActiveCfg = Debug|Win32
		{D95C905C-4187-411D-9E93-DAAB308C0EBD}.DLLDebug|x64.ActiveCfg = Debug|Win32
		{D95C905C-4187-411D-9E93-DAAB308C0EBD}.DLLRelease|Any CPU.ActiveCfg = Release|Win32
		{D95C905C-4187-411D-9E93-DAAB308C0EBD}.DLLRelease|Mixed Platforms.ActiveCfg = Release|Win32
		{D95C905C-4187-411D-9E93-DAAB308C0EBD}.DLLRelease|Mixed Platforms.Build.0 = Release|Win32
		{D95C905C-4187-411D-9E93-DAAB308C0EBD}.DLLRelease|Win32.ActiveCfg = Release|Win32
		{D95C905C-4187-411D-9E93-DAAB308C0EBD}.DLLRelease|x64.ActiveCfg = Release|Win32
		{D95C905C-4187-411D-9E93-DAAB308C0EBD}.StaticDebug|Any CPU.ActiveCfg = Debug|Win32
		{D95C905C-4187-411D-9E93-DAAB308C0EBD}.StaticDebug|Mixed Platforms.ActiveCfg = Debug|Win32
		{D95C905C-4187-411D-9E93-DAAB308C0EBD}.StaticDebug|Mixed Platforms.Build.0 = Debug|Win32
		{D95C905C-4187-411D-9E93-DAAB308C0EBD}.StaticDebug|Win32.ActiveCfg = Debug|Win32
		{D95C905C-4187-411D-9E93-DAAB308C0EBD}.StaticDebug|Win32.Build.0 = Debug|Win32
		{D95C905C-4187-411D-9E93-DAAB308C0EBD}.StaticDebug|x64.ActiveCfg = Debug|Win32
		{D95C905C-4187-411D-9E93-DAAB308C0EBD}.StaticRelease|Any CPU.ActiveCfg = Release|Win32
		{D95C905C-4187-411D-9E93-DAAB308C0EBD}.StaticRelease|Mixed Platforms.ActiveCfg = Release|Win32
		{D95C905C-4187-411D-9E93-DAAB308C0EBD}.StaticRelease|Mixed Platforms.Build.0 = Release|Win32
		{D95C905C-4187-411D-9E93-DAAB308C0EBD}.StaticRelease|Win32.ActiveCfg = Release|Win32
		{D95C905C-4187-411D-9E93-DAAB308C0EBD}.StaticRelease|Win32.Build.0 = Release|Win32
		{D95C905C-4187-411D-9E93-DAAB308C0EBD}.StaticRelease|x64.ActiveCfg = Release|Win32
		{29D2BEEB-6DF1-42AB-858A-C4F6D15CE31E}.DLLDebug|Any CPU.ActiveCfg = Debug|Any CPU
		{29D2BEEB-6DF1-42AB-858A-C4F6D15CE31E}.DLLDebug|Any CPU.Build.0 = Debug|Any CPU
		{29D2BEEB-6DF1-42AB-858A-C4F6D15CE31E}.DLLDebug|Mixed Platforms.ActiveCfg = Debug|Any CPU
		{29D2BEEB-6DF1-42AB-858A-C4F6D15CE31E}.DLLDebug|Mixed Platforms.Build.0 = Debug|Any CPU
		{29D2BEEB-6DF1-42AB-858A-C4F6D15CE31E}.DLLDebug|Win32.ActiveCfg = Debug|Any CPU
		{29D2BEEB-6DF1-42AB-858A-C4F6D15CE31E}.DLLDebug|x64.ActiveCfg = Debug|Any CPU
		{29D2BEEB-6DF1-42AB-858A-C4F6D15CE31E}.DLLRelease|Any CPU.ActiveCfg = Release|Any CPU
		{29D2BEEB-6DF1-42AB-858A-C4F6D15CE31E}.DLLRelease|Any CPU.Build.0 = Release|Any CPU
		{29D2BEEB-6DF1-42AB-858A-C4F6D15CE31E}.DLLRelease|Mixed Platforms.ActiveCfg = Release|Any CPU
		{29D2BEEB-6DF1-42AB-858A-C4F6D15CE31E}.DLLRelease|Mixed Platforms.Build.0 = Release|Any CPU
		{29D2BEEB-6DF1-42AB-858A-C4F6D15CE31E}.DLLRelease|Win32.ActiveCfg = Release|Any CPU
		{29D2BEEB-6DF1-42AB-858A-C4F6D15CE31E}.DLLRelease|x64.ActiveCfg = Release|Any CPU
		{29D2BEEB-6DF1-42AB-858A-C4F6D15CE31E}.StaticDebug|Any CPU.ActiveCfg = Debug|Any CPU
		{29D2BEEB-6DF1-42AB-858A-C4F6D15CE31E}.StaticDebug|Any CPU.Build.0 = Debug|Any CPU
		{29D2BEEB-6DF1-42AB-858A-C4F6D15CE31E}.StaticDebug|Mixed Platforms.ActiveCfg = Debug|Any CPU
		{29D2BEEB-6DF1-42AB-858A-C4F6D15CE31E}.StaticDebug|Mixed Platforms.Build.0 = Debug|Any CPU
		{29D2BEEB-6DF1-42AB-858A-C4F6D15CE31E}.StaticDebug|Win32.ActiveCfg = Debug|Any CPU
		{29D2BEEB-6DF1-42AB-858A-C4F6D15CE31E}.StaticDebug|x64.ActiveCfg = Debug|Any CPU
		{29D2BEEB-6DF1-42AB-858A-C4F6D15CE31E}.StaticRelease|Any CPU.ActiveCfg = Release|Any CPU
		{29D2BEEB-6DF1-42AB-858A-C4F6D15CE31E}.StaticRelease|Any CPU.Build.0 = Release|Any CPU
		{29D2BEEB-6DF1-42AB-858A-C4F6D15CE31E}.StaticRelease|Mixed Platforms.ActiveCfg = Release|Any CPU
		{29D2BEEB-6DF1-42AB-858A-C4F6D15CE31E}.StaticRelease|Mixed Platforms.Build.0 = Release|Any CPU
		{29D2BEEB-6DF1-42AB-858A-C4F6D15CE31E}.StaticRelease|Win32.ActiveCfg = Release|Any CPU
		{29D2BEEB-6DF1-42AB-858A-C4F6D15CE31E}.StaticRelease|x64.ActiveCfg = Release|Any CPU
		{B4BCDAA1-84BF-44E6-A4D6-0330C7D89B01}.DLLDebug|Any CPU.ActiveCfg = Debug|Any CPU
		{B4BCDAA1-84BF-44E6-A4D6-0330C7D89B01}.DLLDebug|Any CPU.Build.0 = Debug|Any CPU
		{B4BCDAA1-84BF-44E6-A4D6-0330C7D89B01}.DLLDebug|Mixed Platforms.ActiveCfg = Debug|Any CPU
		{B4BCDAA1-84BF-44E6-A4D6-0330C7D89B01}.DLLDebug|Mixed Platforms.Build.0 = Debug|Any CPU
		{B4BCDAA1-84BF-44E6-A4D6-0330C7D89B01}.DLLDebug|Win32.ActiveCfg = Debug|Any CPU
		{B4BCDAA1-84BF-44E6-A4D6-0330C7D89B01}.DLLDebug|x64.ActiveCfg = Debug|Any CPU
		{B4BCDAA1-84BF-44E6-A4D6-0330C7D89B01}.DLLRelease|Any CPU.ActiveCfg = Release|Any CPU
		{B4BCDAA1-84BF-44E6-A4D6-0330C7D89B01}.DLLRelease|Any CPU.Build.0 = Release|Any CPU
		{B4BCDAA1-84BF-44E6-A4D6-0330C7D89B01}.DLLRelease|Mixed Platforms.ActiveCfg = Release|Any CPU
		{B4BCDAA1-84BF-44E6-A4D6-0330C7D89B01}.DLLRelease|Mixed Platforms.Build.0 = Release|Any CPU
		{B4BCDAA1-84BF-44E6-A4D6-0330C7D89B01}.DLLRelease|Win32.ActiveCfg = Release|Any CPU
		{B4BCDAA1-84BF-44E6-A4D6-0330C7D89B01}.DLLRelease|x64.ActiveCfg = Release|Any CPU
		{B4BCDAA1-84BF-44E6-A4D6-0330C7D89B01}.StaticDebug|Any CPU.ActiveCfg = Debug|Any CPU
		{B4BCDAA1-84BF-44E6-A4D6-0330C7D89B01}.StaticDebug|Any CPU.Build.0 = Debug|Any CPU
		{B4BCDAA1-84BF-44E6-A4D6-0330C7D89B01}.StaticDebug|Mixed Platforms.ActiveCfg = Debug|Any CPU
		{B4BCDAA1-84BF-44E6-A4D6-0330C7D89B01}.StaticDebug|Mixed Platforms.Build.0 = Debug|Any CPU
		{B4BCDAA1-84BF-44E6-A4D6-0330C7D89B01}.StaticDebug|Win32.ActiveCfg = Debug|Any CPU
		{B4BCDAA1-84BF-44E6-A4D6-0330C7D89B01}.StaticDebug|x64.ActiveCfg = Debug|Any CPU
		{B4BCDAA1-84BF-44E6-A4D6-0330C7D89B01}.StaticRelease|Any CPU.ActiveCfg = Release|Any CPU
		{B4BCDAA1-84BF-44E6-A4D6-0330C7D89B01}.StaticRelease|Any CPU.Build.0 = Release|Any CPU
		{B4BCDAA1-84BF-44E6-A4D6-0330C7D89B01}.StaticRelease|Mixed Platforms.ActiveCfg = Release|Any CPU
		{B4BCDAA1-84BF-44E6-A4D6-0330C7D89B01}.StaticRelease|Mixed Platforms.Build.0 = Release|Any CPU
		{B4BCDAA1-84BF-44E6-A4D6-0330C7D89B01}.StaticRelease|Win32.ActiveCfg = Release|Any CPU
		{B4BCDAA1-84BF-44E6-A4D6-0330C7D89B01}.StaticRelease|x64.ActiveCfg = Release|Any CPU
		{EC03B990-E00B-4ABB-BD10-E21C3F8DA2F5}.DLLDebug|Any CPU.ActiveCfg = Debug|Any CPU
		{EC03B990-E00B-4ABB-BD10-E21C3F8DA2F5}.DLLDebug|Any CPU.Build.0 = Debug|Any CPU
		{EC03B990-E00B-4ABB-BD10-E21C3F8DA2F5}.DLLDebug|Mixed Platforms.ActiveCfg = Debug|Any CPU
		{EC03B990-E00B-4ABB-BD10-E21C3F8DA2F5}.DLLDebug|Mixed Platforms.Build.0 = Debug|Any CPU
		{EC03B990-E00B-4ABB-BD10-E21C3F8DA2F5}.DLLDebug|Win32.ActiveCfg = Debug|Any CPU
		{EC03B990-E00B-4ABB-BD10-E21C3F8DA2F5}.DLLDebug|x64.ActiveCfg = Debug|Any CPU
		{EC03B990-E00B-4ABB-BD10-E21C3F8DA2F5}.DLLRelease|Any CPU.ActiveCfg = Release|Any CPU
		{EC03B990-E00B-4ABB-BD10-E21C3F8DA2F5}.DLLRelease|Any CPU.Build.0 = Release|Any CPU
		{EC03B990-E00B-4ABB-BD10-E21C3F8DA2F5}.DLLRelease|Mixed Platforms.ActiveCfg = Release|Any CPU
		{EC03B990-E00B-4ABB-BD10-E21C3F8DA2F5}.DLLRelease|Mixed Platforms.Build.0 = Release|Any CPU
		{EC03B990-E00B-4ABB-BD10-E21C3F8DA2F5}.DLLRelease|Win32.ActiveCfg = Release|Any CPU
		{EC03B990-E00B-4ABB-BD10-E21C3F8DA2F5}.DLLRelease|x64.ActiveCfg = Release|Any CPU
		{EC03B990-E00B-4ABB-BD10-E21C3F8DA2F5}.StaticDebug|Any CPU.ActiveCfg = Debug|Any CPU
		{EC03B990-E00B-4ABB-BD10-E21C3F8DA2F5}.StaticDebug|Any CPU.Build.0 = Debug|Any CPU
		{EC03B990-E00B-4ABB-BD10-E21C3F8DA2F5}.StaticDebug|Mixed Platforms.ActiveCfg = Debug|Any CPU
		{EC03B990-E00B-4ABB-BD10-E21C3F8DA2F5}.StaticDebug|Mixed Platforms.Build.0 = Debug|Any CPU
		{EC03B990-E00B-4ABB-BD10-E21C3F8DA2F5}.StaticDebug|Win32.ActiveCfg = Debug|Any CPU
		{EC03B990-E00B-4ABB-BD10-E21C3F8DA2F5}.StaticDebug|x64.ActiveCfg = Debug|Any CPU
		{EC03B990-E00B-4ABB-BD10-E21C3F8DA2F5}.StaticRelease|Any CPU.ActiveCfg = Release|Any CPU
		{EC03B990-E00B-4ABB-BD10-E21C3F8DA2F5}.StaticRelease|Any CPU.Build.0 = Release|Any CPU
		{EC03B990-E00B-4ABB-BD10-E21C3F8DA2F5}.StaticRelease|Mixed Platforms.ActiveCfg = Release|Any CPU
		{EC03B990-E00B-4ABB-BD10-E21C3F8DA2F5}.StaticRelease|Mixed Platforms.Build.0 = Release|Any CPU
		{EC03B990-E00B-4ABB-BD10-E21C3F8DA2F5}.StaticRelease|Win32.ActiveCfg = Release|Any CPU
		{EC03B990-E00B-4ABB-BD10-E21C3F8DA2F5}.StaticRelease|x64.ActiveCfg = Release|Any CPU
		{CBF40332-6E32-11E0-B7C7-61F84824019B}.DLLDebug|Any CPU.ActiveCfg = DLLDebug|x64
		{CBF40332-6E32-11E0-B7C7-61F84824019B}.DLLDebug|Mixed Platforms.ActiveCfg = DLLDebug|x64
		{CBF40332-6E32-11E0-B7C7-61F84824019B}.DLLDebug|Mixed Platforms.Build.0 = DLLDebug|x64
		{CBF40332-6E32-11E0-B7C7-61F84824019B}.DLLDebug|Win32.ActiveCfg = DLLDebug|Win32
		{CBF40332-6E32-11E0-B7C7-61F84824019B}.DLLDebug|Win32.Build.0 = DLLDebug|Win32
		{CBF40332-6E32-11E0-B7C7-61F84824019B}.DLLDebug|x64.ActiveCfg = DLLDebug|x64
		{CBF40332-6E32-11E0-B7C7-61F84824019B}.DLLDebug|x64.Build.0 = DLLDebug|x64
		{CBF40332-6E32-11E0-B7C7-61F84824019B}.DLLRelease|Any CPU.ActiveCfg = DLLRelease|x64
		{CBF40332-6E32-11E0-B7C7-61F84824019B}.DLLRelease|Mixed Platforms.ActiveCfg = DLLRelease|x64
		{CBF40332-6E32-11E0-B7C7-61F84824019B}.DLLRelease|Mixed Platforms.Build.0 = DLLRelease|x64
		{CBF40332-6E32-11E0-B7C7-61F84824019B}.DLLRelease|Win32.ActiveCfg = DLLRelease|Win32
		{CBF40332-6E32-11E0-B7C7-61F84824019B}.DLLRelease|Win32.Build.0 = DLLRelease|Win32
		{CBF40332-6E32-11E0-B7C7-61F84824019B}.DLLRelease|x64.ActiveCfg = DLLRelease|x64
		{CBF40332-6E32-11E0-B7C7-61F84824019B}.DLLRelease|x64.Build.0 = DLLRelease|x64
		{CBF40332-6E32-11E0-B7C7-61F84824019B}.StaticDebug|Any CPU.ActiveCfg = StaticDebug|x64
		{CBF40332-6E32-11E0-B7C7-61F84824019B}.StaticDebug|Mixed Platforms.ActiveCfg = StaticDebug|x64
		{CBF40332-6E32-11E0-B7C7-61F84824019B}.StaticDebug|Mixed Platforms.Build.0 = StaticDebug|x64
		{CBF40332-6E32-11E0-B7C7-61F84824019B}.StaticDebug|Win32.ActiveCfg = StaticDebug|Win32
		{CBF40332-6E32-11E0-B7C7-61F84824019B}.StaticDebug|Win32.Build.0 = StaticDebug|Win32
		{CBF40332-6E32-11E0-B7C7-61F84824019B}.StaticDebug|x64.ActiveCfg = StaticDebug|x64
		{CBF40332-6E32-11E0-B7C7-61F84824019B}.StaticDebug|x64.Build.0 = StaticDebug|x64
		{CBF40332-6E32-11E0-B7C7-61F84824019B}.StaticRelease|Any CPU.ActiveCfg = StaticRelease|x64
		{CBF40332-6E32-11E0-B7C7-61F84824019B}.StaticRelease|Mixed Platforms.ActiveCfg = StaticRelease|x64
		{CBF40332-6E32-11E0-B7C7-61F84824019B}.StaticRelease|Mixed Platforms.Build.0 = StaticRelease|x64
		{CBF40332-6E32-11E0-B7C7-61F84824019B}.StaticRelease|Win32.ActiveCfg = StaticRelease|Win32
		{CBF40332-6E32-11E0-B7C7-61F84824019B}.StaticRelease|Win32.Build.0 = StaticRelease|Win32
		{CBF40332-6E32-11E0-B7C7-61F84824019B}.StaticRelease|x64.ActiveCfg = StaticRelease|x64
		{CBF40332-6E32-11E0-B7C7-61F84824019B}.StaticRelease|x64.Build.0 = StaticRelease|x64
		{E58DC5B2-6E32-11E0-9453-68F84824019B}.DLLDebug|Any CPU.ActiveCfg = DLLDebug|x64
		{E58DC5B2-6E32-11E0-9453-68F84824019B}.DLLDebug|Mixed Platforms.ActiveCfg = DLLDebug|x64
		{E58DC5B2-6E32-11E0-9453-68F84824019B}.DLLDebug|Mixed Platforms.Build.0 = DLLDebug|x64
		{E58DC5B2-6E32-11E0-9453-68F84824019B}.DLLDebug|Win32.ActiveCfg = DLLDebug|Win32
		{E58DC5B2-6E32-11E0-9453-68F84824019B}.DLLDebug|Win32.Build.0 = DLLDebug|Win32
		{E58DC5B2-6E32-11E0-9453-68F84824019B}.DLLDebug|x64.ActiveCfg = DLLDebug|x64
		{E58DC5B2-6E32-11E0-9453-68F84824019B}.DLLDebug|x64.Build.0 = DLLDebug|x64
		{E58DC5B2-6E32-11E0-9453-68F84824019B}.DLLRelease|Any CPU.ActiveCfg = DLLRelease|x64
		{E58DC5B2-6E32-11E0-9453-68F84824019B}.DLLRelease|Mixed Platforms.ActiveCfg = DLLRelease|x64
		{E58DC5B2-6E32-11E0-9453-68F84824019B}.DLLRelease|Mixed Platforms.Build.0 = DLLRelease|x64
		{E58DC5B2-6E32-11E0-9453-68F84824019B}.DLLRelease|Win32.ActiveCfg = DLLRelease|Win32
		{E58DC5B2-6E32-11E0-9453-68F84824019B}.DLLRelease|Win32.Build.0 = DLLRelease|Win32
		{E58DC5B2-6E32-11E0-9453-68F84824019B}.DLLRelease|x64.ActiveCfg = DLLRelease|x64
		{E58DC5B2-6E32-11E0-9453-68F84824019B}.DLLRelease|x64.Build.0 = DLLRelease|x64
		{E58DC5B2-6E32-11E0-9453-68F84824019B}.StaticDebug|Any CPU.ActiveCfg = StaticDebug|x64
		{E58DC5B2-6E32-11E0-9453-68F84824019B}.StaticDebug|Mixed Platforms.ActiveCfg = StaticDebug|x64
		{E58DC5B2-6E32-11E0-9453-68F84824019B}.StaticDebug|Mixed Platforms.Build.0 = StaticDebug|x64
		{E58DC5B2-6E32-11E0-9453-68F84824019B}.StaticDebug|Win32.ActiveCfg = StaticDebug|Win32
		{E58DC5B2-6E32-11E0-9453-68F84824019B}.StaticDebug|Win32.Build.0 = StaticDebug|Win32
		{E58DC5B2-6E32-11E0-9453-68F84824019B}.StaticDebug|x64.ActiveCfg = StaticDebug|x64
		{E58DC5B2-6E32-11E0-9453-68F84824019B}.StaticDebug|x64.Build.0 = StaticDebug|x64
		{E58DC5B2-6E32-11E0-9453-68F84824019B}.StaticRelease|Any CPU.ActiveCfg = StaticRelease|x64
		{E58DC5B2-6E32-11E0-9453-68F84824019B}.StaticRelease|Mixed Platforms.ActiveCfg = StaticRelease|x64
		{E58DC5B2-6E32-11E0-9453-68F84824019B}.StaticRelease|Mixed Platforms.Build.0 = StaticRelease|x64
		{E58DC5B2-6E32-11E0-9453-68F84824019B}.StaticRelease|Win32.ActiveCfg = StaticRelease|Win32
		{E58DC5B2-6E32-11E0-9453-68F84824019B}.StaticRelease|Win32.Build.0 = StaticRelease|Win32
		{E58DC5B2-6E32-11E0-9453-68F84824019B}.StaticRelease|x64.ActiveCfg = StaticRelease|x64
		{E58DC5B2-6E32-11E0-9453-68F84824019B}.StaticRelease|x64.Build.0 = StaticRelease|x64
	EndGlobalSection
	GlobalSection(SolutionProperties) = preSolution
		HideSolutionNode = FALSE
	EndGlobalSection
EndGlobal
