<?xml version="1.0" encoding="utf-8"?>
<Project ToolsVersion="4.0" xmlns="http://schemas.microsoft.com/developer/msbuild/2003">
  <ItemGroup>
    <Filter Include="Source Files">
      <UniqueIdentifier>{4FC737F1-C7A5-4376-A066-2A32D752A2FF}</UniqueIdentifier>
      <Extensions>cpp;c;cc;cxx;def;odl;idl;hpj;bat;asm;asmx</Extensions>
    </Filter>
    <Filter Include="Source Files\utility">
      <UniqueIdentifier>{42d66927-f722-48d0-83c6-4d4fe803a872}</UniqueIdentifier>
    </Filter>
    <Filter Include="Header Files">
      <UniqueIdentifier>{93995380-89BD-4b04-88EB-625FBE52EBFB}</UniqueIdentifier>
      <Extensions>h;hpp;hxx;hm;inl;inc;xsd</Extensions>
    </Filter>
    <Filter Include="Header Files\utility">
      <UniqueIdentifier>{ee09b8e2-c565-43cb-bfae-4363b2e85ddf}</UniqueIdentifier>
    </Filter>
    <Filter Include="Resource Files">
      <UniqueIdentifier>{67DA6AB6-F800-4c08-8B7A-83BB121AAD01}</UniqueIdentifier>
      <Extensions>rc;ico;cur;bmp;dlg;rc2;rct;bin;rgs;gif;jpg;jpeg;jpe;resx;tiff;tif;png;wav</Extensions>
    </Filter>
    <Filter Include="Header Files\loki">
      <UniqueIdentifier>{ac8d513b-e9c6-4260-835f-d552727d9df0}</UniqueIdentifier>
    </Filter>
  </ItemGroup>
  <ItemGroup>
    <ClCompile Include="src\awkawk.cpp">
      <Filter>Source Files</Filter>
    </ClCompile>
    <ClCompile Include="src\direct3d.cpp">
      <Filter>Source Files</Filter>
    </ClCompile>
    <ClCompile Include="src\main.cpp">
      <Filter>Source Files</Filter>
    </ClCompile>
    <ClCompile Include="src\menu.cpp">
      <Filter>Source Files</Filter>
    </ClCompile>
    <ClCompile Include="src\open_url.cpp">
      <Filter>Source Files</Filter>
    </ClCompile>
    <ClCompile Include="src\player_controls.cpp">
      <Filter>Source Files</Filter>
    </ClCompile>
    <ClCompile Include="src\player_direct_show.cpp">
      <Filter>Source Files</Filter>
    </ClCompile>
    <ClCompile Include="src\player_menus.cpp">
      <Filter>Source Files</Filter>
    </ClCompile>
    <ClCompile Include="src\player_overlay.cpp">
      <Filter>Source Files</Filter>
    </ClCompile>
    <ClCompile Include="src\player_playlist.cpp">
      <Filter>Source Files</Filter>
    </ClCompile>
    <ClCompile Include="src\player_scene.cpp">
      <Filter>Source Files</Filter>
    </ClCompile>
    <ClCompile Include="src\player_window.cpp">
      <Filter>Source Files</Filter>
    </ClCompile>
    <ClCompile Include="src\stdafx.cpp">
      <Filter>Source Files</Filter>
    </ClCompile>
    <ClCompile Include="src\util.cpp">
      <Filter>Source Files</Filter>
    </ClCompile>
    <ClCompile Include="include\utility\debugstream.cpp">
      <Filter>Source Files\utility</Filter>
    </ClCompile>
    <ClCompile Include="include\utility\locks.cpp">
      <Filter>Source Files\utility</Filter>
    </ClCompile>
    <ClCompile Include="src\vmr9_allocator.cpp">
      <Filter>Source Files</Filter>
    </ClCompile>
    <ClCompile Include="include\utility\interlocked_queue.c">
      <Filter>Source Files</Filter>
    </ClCompile>
    <ClCompile Include="include\utility\interlocked_stack.c">
      <Filter>Source Files</Filter>
    </ClCompile>
    <ClCompile Include="include\utility\smr.c">
      <Filter>Source Files</Filter>
    </ClCompile>
    <ClCompile Include="src\aspect_ratio.cpp">
      <Filter>Source Files</Filter>
    </ClCompile>
    <ClCompile Include="src\d3d_renderer.cpp">
      <Filter>Source Files</Filter>
    </ClCompile>
    <ClCompile Include="include\utility\interlocked_kv_list.c">
      <Filter>Source Files</Filter>
    </ClCompile>
  </ItemGroup>
  <ItemGroup>
    <ClInclude Include="include\loki\flex\allocatorstringstorage.h">
      <Filter>Header Files</Filter>
    </ClInclude>
    <ClInclude Include="include\loki\flex\cowstringopt.h">
      <Filter>Header Files</Filter>
    </ClInclude>
    <ClInclude Include="include\loki\flex\flex_string.h">
      <Filter>Header Files</Filter>
    </ClInclude>
    <ClInclude Include="include\loki\flex\flex_string_details.h">
      <Filter>Header Files</Filter>
    </ClInclude>
    <ClInclude Include="include\loki\flex\flex_string_shell.h">
      <Filter>Header Files</Filter>
    </ClInclude>
    <ClInclude Include="include\loki\flex\simplestringstorage.h">
      <Filter>Header Files</Filter>
    </ClInclude>
    <ClInclude Include="include\loki\flex\smallstringopt.h">
      <Filter>Header Files</Filter>
    </ClInclude>
    <ClInclude Include="include\loki\flex\vectorstringstorage.h">
      <Filter>Header Files</Filter>
    </ClInclude>
    <ClInclude Include="include\loki\yasli\platform.h">
      <Filter>Header Files</Filter>
    </ClInclude>
    <ClInclude Include="include\loki\yasli\random.h">
      <Filter>Header Files</Filter>
    </ClInclude>
    <ClInclude Include="include\loki\yasli\yasli_fill_iterator.h">
      <Filter>Header Files</Filter>
    </ClInclude>
    <ClInclude Include="include\loki\yasli\yasli_memory.h">
      <Filter>Header Files</Filter>
    </ClInclude>
    <ClInclude Include="include\loki\yasli\yasli_protocols.h">
      <Filter>Header Files</Filter>
    </ClInclude>
    <ClInclude Include="include\loki\yasli\yasli_traits.h">
      <Filter>Header Files</Filter>
    </ClInclude>
    <ClInclude Include="include\loki\yasli\yasli_vector.h">
      <Filter>Header Files</Filter>
    </ClInclude>
    <ClInclude Include="include\loki\AbstractFactory.h">
      <Filter>Header Files</Filter>
    </ClInclude>
    <ClInclude Include="include\loki\AssocVector.h">
      <Filter>Header Files</Filter>
    </ClInclude>
    <ClInclude Include="include\loki\ConstPolicy.h">
      <Filter>Header Files</Filter>
    </ClInclude>
    <ClInclude Include="include\loki\DataGenerators.h">
      <Filter>Header Files</Filter>
    </ClInclude>
    <ClInclude Include="include\loki\EmptyType.h">
      <Filter>Header Files</Filter>
    </ClInclude>
    <ClInclude Include="include\loki\Factory.h">
      <Filter>Header Files</Filter>
    </ClInclude>
    <ClInclude Include="include\loki\Function.h">
      <Filter>Header Files</Filter>
    </ClInclude>
    <ClInclude Include="include\loki\Functor.h">
      <Filter>Header Files</Filter>
    </ClInclude>
    <ClInclude Include="include\loki\HierarchyGenerators.h">
      <Filter>Header Files</Filter>
    </ClInclude>
    <ClInclude Include="include\loki\LockingPtr.h">
      <Filter>Header Files</Filter>
    </ClInclude>
    <ClInclude Include="include\loki\lokiexport.h">
      <Filter>Header Files</Filter>
    </ClInclude>
    <ClInclude Include="include\loki\LokiTypeInfo.h">
      <Filter>Header Files</Filter>
    </ClInclude>
    <ClInclude Include="include\loki\MultiMethods.h">
      <Filter>Header Files</Filter>
    </ClInclude>
    <ClInclude Include="include\loki\NullType.h">
      <Filter>Header Files</Filter>
    </ClInclude>
    <ClInclude Include="include\loki\OrderedStatic.h">
      <Filter>Header Files</Filter>
    </ClInclude>
    <ClInclude Include="include\loki\Pimpl.h">
      <Filter>Header Files</Filter>
    </ClInclude>
    <ClInclude Include="include\loki\RefToValue.h">
      <Filter>Header Files</Filter>
    </ClInclude>
    <ClInclude Include="include\loki\Register.h">
      <Filter>Header Files</Filter>
    </ClInclude>
    <ClInclude Include="include\loki\SafeFormat.h">
      <Filter>Header Files</Filter>
    </ClInclude>
    <ClInclude Include="include\loki\ScopeGuard.h">
      <Filter>Header Files</Filter>
    </ClInclude>
    <ClInclude Include="include\loki\ScopeGuardExt.h">
      <Filter>Header Files</Filter>
    </ClInclude>
    <ClInclude Include="include\loki\Sequence.h">
      <Filter>Header Files</Filter>
    </ClInclude>
    <ClInclude Include="include\loki\singleton.h">
      <Filter>Header Files</Filter>
    </ClInclude>
    <ClInclude Include="include\loki\SmallObj.h">
      <Filter>Header Files</Filter>
    </ClInclude>
    <ClInclude Include="include\loki\SmartPtr.h">
      <Filter>Header Files</Filter>
    </ClInclude>
    <ClInclude Include="include\loki\static_check.h">
      <Filter>Header Files</Filter>
    </ClInclude>
    <ClInclude Include="include\loki\StrongPtr.h">
      <Filter>Header Files</Filter>
    </ClInclude>
    <ClInclude Include="include\loki\threads.h">
      <Filter>Header Files</Filter>
    </ClInclude>
    <ClInclude Include="include\loki\Tuple.h">
      <Filter>Header Files</Filter>
    </ClInclude>
    <ClInclude Include="include\loki\Typelist.h">
      <Filter>Header Files</Filter>
    </ClInclude>
    <ClInclude Include="include\loki\TypelistMacros.h">
      <Filter>Header Files</Filter>
    </ClInclude>
    <ClInclude Include="include\loki\TypeManip.h">
      <Filter>Header Files</Filter>
    </ClInclude>
    <ClInclude Include="include\loki\TypeTraits.h">
      <Filter>Header Files</Filter>
    </ClInclude>
    <ClInclude Include="include\loki\Visitor.h">
      <Filter>Header Files</Filter>
    </ClInclude>
    <ClInclude Include="include\utility\debug.hpp">
      <Filter>Header Files\utility</Filter>
    </ClInclude>
    <ClInclude Include="include\utility\debugstream.hpp">
      <Filter>Header Files\utility</Filter>
    </ClInclude>
    <ClInclude Include="include\utility\formattime.hpp">
      <Filter>Header Files\utility</Filter>
    </ClInclude>
    <ClInclude Include="include\utility\iomanip.hpp">
      <Filter>Header Files\utility</Filter>
    </ClInclude>
    <ClInclude Include="include\utility\iterator.hpp">
      <Filter>Header Files\utility</Filter>
    </ClInclude>
    <ClInclude Include="include\utility\locking_stream.hpp">
      <Filter>Header Files\utility</Filter>
    </ClInclude>
    <ClInclude Include="include\utility\locks.hpp">
      <Filter>Header Files\utility</Filter>
    </ClInclude>
    <ClInclude Include="include\utility\scopeguard.hpp">
      <Filter>Header Files\utility</Filter>
    </ClInclude>
    <ClInclude Include="include\utility\string.hpp">
      <Filter>Header Files\utility</Filter>
    </ClInclude>
    <ClInclude Include="include\utility\threads.hpp">
      <Filter>Header Files\utility</Filter>
    </ClInclude>
    <ClInclude Include="include\utility\utility.hpp">
      <Filter>Header Files\utility</Filter>
    </ClInclude>
    <ClInclude Include="include\components.h">
      <Filter>Header Files</Filter>
    </ClInclude>
    <ClInclude Include="include\direct3d.h">
      <Filter>Header Files</Filter>
    </ClInclude>
    <ClInclude Include="include\menu.h">
      <Filter>Header Files</Filter>
    </ClInclude>
    <ClInclude Include="include\open_url.h">
      <Filter>Header Files</Filter>
    </ClInclude>
    <ClInclude Include="include\player_controls.h">
      <Filter>Header Files</Filter>
    </ClInclude>
    <ClInclude Include="include\player_direct_show.h">
      <Filter>Header Files</Filter>
    </ClInclude>
    <ClInclude Include="include\player_menus.h">
      <Filter>Header Files</Filter>
    </ClInclude>
    <ClInclude Include="include\player_overlay.h">
      <Filter>Header Files</Filter>
    </ClInclude>
    <ClInclude Include="include\player_playlist.h">
      <Filter>Header Files</Filter>
    </ClInclude>
    <ClInclude Include="include\player_scene.h">
      <Filter>Header Files</Filter>
    </ClInclude>
    <ClInclude Include="include\player_window.h">
      <Filter>Header Files</Filter>
    </ClInclude>
    <ClInclude Include="include\state_machine.h">
      <Filter>Header Files</Filter>
    </ClInclude>
    <ClInclude Include="include\stdafx.h">
      <Filter>Header Files</Filter>
    </ClInclude>
    <ClInclude Include="include\strip.h">
      <Filter>Header Files</Filter>
    </ClInclude>
    <ClInclude Include="include\util.h">
      <Filter>Header Files</Filter>
    </ClInclude>
    <ClInclude Include="include\window.h">
      <Filter>Header Files</Filter>
    </ClInclude>
    <ClInclude Include="include\window_hook.h">
      <Filter>Header Files</Filter>
    </ClInclude>
    <ClInclude Include="include\xml_playlist.h">
      <Filter>Header Files</Filter>
    </ClInclude>
    <ClInclude Include="include\awkawk.h">
      <Filter>Header Files</Filter>
    </ClInclude>
    <ClInclude Include="src\resource.h">
      <Filter>Header Files</Filter>
    </ClInclude>
    <ClInclude Include="src\version.h">
      <Filter>Header Files</Filter>
    </ClInclude>
    <ClInclude Include="include\vmr9_allocator.h">
      <Filter>Header Files</Filter>
    </ClInclude>
    <ClInclude Include="include\utility\interlocked_queue.h">
      <Filter>Header Files</Filter>
    </ClInclude>
    <ClInclude Include="include\utility\interlocked_stack.h">
      <Filter>Header Files</Filter>
    </ClInclude>
    <ClInclude Include="include\utility\smr.h">
      <Filter>Header Files</Filter>
    </ClInclude>
    <ClInclude Include="include\utility\interlocked_containers.hpp">
      <Filter>Header Files</Filter>
    </ClInclude>
    <ClInclude Include="include\aspect_ratio.h">
      <Filter>Header Files</Filter>
    </ClInclude>
    <ClInclude Include="include\d3d_renderer.h">
      <Filter>Header Files</Filter>
    </ClInclude>
    <ClInclude Include="include\utility\interlocked_kv_list.h">
      <Filter>Header Files</Filter>
    </ClInclude>
    <ClInclude Include="include\shared_texture_queue.h">
      <Filter>Header Files</Filter>
    </ClInclude>
  </ItemGroup>
  <ItemGroup>
    <None Include="awkawk.ico">
      <Filter>Resource Files</Filter>
    </None>
    <None Include="Imgs\background.png">
      <Filter>Resource Files</Filter>
    </None>
    <None Include="Imgs\Background_Caption.png">
      <Filter>Resource Files</Filter>
    </None>
    <None Include="Imgs\Background_Controls.png">
      <Filter>Resource Files</Filter>
    </None>
    <None Include="Imgs\black.png">
      <Filter>Resource Files</Filter>
    </None>
    <None Include="Imgs\TrackBar.png">
      <Filter>Resource Files</Filter>
    </None>
    <None Include="Imgs\TrackBar_Tip.png">
      <Filter>Resource Files</Filter>
    </None>
    <None Include="Imgs\Volume_Tip.png">
      <Filter>Resource Files</Filter>
    </None>
    <None Include="Imgs\white.png">
      <Filter>Resource Files</Filter>
    </None>
    <None Include="readme.txt" />
    <None Include="include\loki\readme.txt" />
  </ItemGroup>
  <ItemGroup>
    <ResourceCompile Include="src\awkawk.rc">
      <Filter>Resource Files</Filter>
    </ResourceCompile>
    <ResourceCompile Include="src\version.rc">
      <Filter>Resource Files</Filter>
    </ResourceCompile>
  </ItemGroup>
</Project>